// !$*UTF8*$!
{
	archiveVersion = 1;
	classes = {
	};
	objectVersion = 56;
	objects = {

/* Begin PBXBuildFile section */
		C458AEDA29C1471B003D9677 /* moviesApp.swift in Sources */ = {isa = PBXBuildFile; fileRef = C458AED929C1471B003D9677 /* moviesApp.swift */; };
		C458AEDC29C1471B003D9677 /* ContentView.swift in Sources */ = {isa = PBXBuildFile; fileRef = C458AEDB29C1471B003D9677 /* ContentView.swift */; };
		C458AEDE29C1471C003D9677 /* Assets.xcassets in Resources */ = {isa = PBXBuildFile; fileRef = C458AEDD29C1471C003D9677 /* Assets.xcassets */; };
		C458AEE129C1471C003D9677 /* Preview Assets.xcassets in Resources */ = {isa = PBXBuildFile; fileRef = C458AEE029C1471C003D9677 /* Preview Assets.xcassets */; };
		C458AEEB29C1471C003D9677 /* moviesTests.swift in Sources */ = {isa = PBXBuildFile; fileRef = C458AEEA29C1471C003D9677 /* moviesTests.swift */; };
		C458AEF529C1471C003D9677 /* moviesUITests.swift in Sources */ = {isa = PBXBuildFile; fileRef = C458AEF429C1471C003D9677 /* moviesUITests.swift */; };
		C458AEF729C1471C003D9677 /* moviesUITestsLaunchTests.swift in Sources */ = {isa = PBXBuildFile; fileRef = C458AEF629C1471C003D9677 /* moviesUITestsLaunchTests.swift */; };
/* End PBXBuildFile section */

/* Begin PBXContainerItemProxy section */
		C458AEE729C1471C003D9677 /* PBXContainerItemProxy */ = {
			isa = PBXContainerItemProxy;
			containerPortal = C458AECE29C1471B003D9677 /* Project object */;
			proxyType = 1;
			remoteGlobalIDString = C458AED529C1471B003D9677;
			remoteInfo = movies;
		};
		C458AEF129C1471C003D9677 /* PBXContainerItemProxy */ = {
			isa = PBXContainerItemProxy;
			containerPortal = C458AECE29C1471B003D9677 /* Project object */;
			proxyType = 1;
			remoteGlobalIDString = C458AED529C1471B003D9677;
			remoteInfo = movies;
		};
/* End PBXContainerItemProxy section */

/* Begin PBXFileReference section */
		C458AED629C1471B003D9677 /* movies.app */ = {isa = PBXFileReference; explicitFileType = wrapper.application; includeInIndex = 0; path = movies.app; sourceTree = BUILT_PRODUCTS_DIR; };
		C458AED929C1471B003D9677 /* moviesApp.swift */ = {isa = PBXFileReference; lastKnownFileType = sourcecode.swift; path = moviesApp.swift; sourceTree = "<group>"; };
		C458AEDB29C1471B003D9677 /* ContentView.swift */ = {isa = PBXFileReference; lastKnownFileType = sourcecode.swift; path = ContentView.swift; sourceTree = "<group>"; };
		C458AEDD29C1471C003D9677 /* Assets.xcassets */ = {isa = PBXFileReference; lastKnownFileType = folder.assetcatalog; path = Assets.xcassets; sourceTree = "<group>"; };
		C458AEE029C1471C003D9677 /* Preview Assets.xcassets */ = {isa = PBXFileReference; lastKnownFileType = folder.assetcatalog; path = "Preview Assets.xcassets"; sourceTree = "<group>"; };
		C458AEE629C1471C003D9677 /* moviesTests.xctest */ = {isa = PBXFileReference; explicitFileType = wrapper.cfbundle; includeInIndex = 0; path = moviesTests.xctest; sourceTree = BUILT_PRODUCTS_DIR; };
		C458AEEA29C1471C003D9677 /* moviesTests.swift */ = {isa = PBXFileReference; lastKnownFileType = sourcecode.swift; path = moviesTests.swift; sourceTree = "<group>"; };
		C458AEF029C1471C003D9677 /* moviesUITests.xctest */ = {isa = PBXFileReference; explicitFileType = wrapper.cfbundle; includeInIndex = 0; path = moviesUITests.xctest; sourceTree = BUILT_PRODUCTS_DIR; };
		C458AEF429C1471C003D9677 /* moviesUITests.swift */ = {isa = PBXFileReference; lastKnownFileType = sourcecode.swift; path = moviesUITests.swift; sourceTree = "<group>"; };
		C458AEF629C1471C003D9677 /* moviesUITestsLaunchTests.swift */ = {isa = PBXFileReference; lastKnownFileType = sourcecode.swift; path = moviesUITestsLaunchTests.swift; sourceTree = "<group>"; };
/* End PBXFileReference section */

/* Begin PBXFrameworksBuildPhase section */
		C458AED329C1471B003D9677 /* Frameworks */ = {
			isa = PBXFrameworksBuildPhase;
			buildActionMask = 2147483647;
			files = (
			);
			runOnlyForDeploymentPostprocessing = 0;
		};
		C458AEE329C1471C003D9677 /* Frameworks */ = {
			isa = PBXFrameworksBuildPhase;
			buildActionMask = 2147483647;
			files = (
			);
			runOnlyForDeploymentPostprocessing = 0;
		};
		C458AEED29C1471C003D9677 /* Frameworks */ = {
			isa = PBXFrameworksBuildPhase;
			buildActionMask = 2147483647;
			files = (
			);
			runOnlyForDeploymentPostprocessing = 0;
		};
/* End PBXFrameworksBuildPhase section */

/* Begin PBXGroup section */
		C458AECD29C1471B003D9677 = {
			isa = PBXGroup;
			children = (
				C458AED829C1471B003D9677 /* movies */,
				C458AEE929C1471C003D9677 /* moviesTests */,
				C458AEF329C1471C003D9677 /* moviesUITests */,
				C458AED729C1471B003D9677 /* Products */,
			);
			sourceTree = "<group>";
		};
		C458AED729C1471B003D9677 /* Products */ = {
			isa = PBXGroup;
			children = (
				C458AED629C1471B003D9677 /* movies.app */,
				C458AEE629C1471C003D9677 /* moviesTests.xctest */,
				C458AEF029C1471C003D9677 /* moviesUITests.xctest */,
			);
			name = Products;
			sourceTree = "<group>";
		};
		C458AED829C1471B003D9677 /* movies */ = {
			isa = PBXGroup;
			children = (
				C458AED929C1471B003D9677 /* moviesApp.swift */,
				C458AEDB29C1471B003D9677 /* ContentView.swift */,
				C458AEDD29C1471C003D9677 /* Assets.xcassets */,
				C458AEDF29C1471C003D9677 /* Preview Content */,
			);
			path = movies;
			sourceTree = "<group>";
		};
		C458AEDF29C1471C003D9677 /* Preview Content */ = {
			isa = PBXGroup;
			children = (
				C458AEE029C1471C003D9677 /* Preview Assets.xcassets */,
			);
			path = "Preview Content";
			sourceTree = "<group>";
		};
		C458AEE929C1471C003D9677 /* moviesTests */ = {
			isa = PBXGroup;
			children = (
				C458AEEA29C1471C003D9677 /* moviesTests.swift */,
			);
			path = moviesTests;
			sourceTree = "<group>";
		};
		C458AEF329C1471C003D9677 /* moviesUITests */ = {
			isa = PBXGroup;
			children = (
				C458AEF429C1471C003D9677 /* moviesUITests.swift */,
				C458AEF629C1471C003D9677 /* moviesUITestsLaunchTests.swift */,
			);
			path = moviesUITests;
			sourceTree = "<group>";
		};
/* End PBXGroup section */

/* Begin PBXNativeTarget section */
		C458AED529C1471B003D9677 /* movies */ = {
			isa = PBXNativeTarget;
			buildConfigurationList = C458AEFA29C1471C003D9677 /* Build configuration list for PBXNativeTarget "movies" */;
			buildPhases = (
				C458AED229C1471B003D9677 /* Sources */,
				C458AED329C1471B003D9677 /* Frameworks */,
				C458AED429C1471B003D9677 /* Resources */,
			);
			buildRules = (
			);
			dependencies = (
			);
			name = movies;
			productName = movies;
			productReference = C458AED629C1471B003D9677 /* movies.app */;
			productType = "com.apple.product-type.application";
		};
		C458AEE529C1471C003D9677 /* moviesTests */ = {
			isa = PBXNativeTarget;
			buildConfigurationList = C458AEFD29C1471C003D9677 /* Build configuration list for PBXNativeTarget "moviesTests" */;
			buildPhases = (
				C458AEE229C1471C003D9677 /* Sources */,
				C458AEE329C1471C003D9677 /* Frameworks */,
				C458AEE429C1471C003D9677 /* Resources */,
			);
			buildRules = (
			);
			dependencies = (
				C458AEE829C1471C003D9677 /* PBXTargetDependency */,
			);
			name = moviesTests;
			productName = moviesTests;
			productReference = C458AEE629C1471C003D9677 /* moviesTests.xctest */;
			productType = "com.apple.product-type.bundle.unit-test";
		};
		C458AEEF29C1471C003D9677 /* moviesUITests */ = {
			isa = PBXNativeTarget;
			buildConfigurationList = C458AF0029C1471C003D9677 /* Build configuration list for PBXNativeTarget "moviesUITests" */;
			buildPhases = (
				C458AEEC29C1471C003D9677 /* Sources */,
				C458AEED29C1471C003D9677 /* Frameworks */,
				C458AEEE29C1471C003D9677 /* Resources */,
			);
			buildRules = (
			);
			dependencies = (
				C458AEF229C1471C003D9677 /* PBXTargetDependency */,
			);
			name = moviesUITests;
			productName = moviesUITests;
			productReference = C458AEF029C1471C003D9677 /* moviesUITests.xctest */;
			productType = "com.apple.product-type.bundle.ui-testing";
		};
/* End PBXNativeTarget section */

/* Begin PBXProject section */
		C458AECE29C1471B003D9677 /* Project object */ = {
			isa = PBXProject;
			attributes = {
				BuildIndependentTargetsInParallel = 1;
				LastSwiftUpdateCheck = 1420;
				LastUpgradeCheck = 1420;
				TargetAttributes = {
					C458AED529C1471B003D9677 = {
						CreatedOnToolsVersion = 14.2;
					};
					C458AEE529C1471C003D9677 = {
						CreatedOnToolsVersion = 14.2;
						TestTargetID = C458AED529C1471B003D9677;
					};
					C458AEEF29C1471C003D9677 = {
						CreatedOnToolsVersion = 14.2;
						TestTargetID = C458AED529C1471B003D9677;
					};
				};
			};
			buildConfigurationList = C458AED129C1471B003D9677 /* Build configuration list for PBXProject "movies" */;
			compatibilityVersion = "Xcode 14.0";
			developmentRegion = en;
			hasScannedForEncodings = 0;
			knownRegions = (
				en,
				Base,
			);
			mainGroup = C458AECD29C1471B003D9677;
			productRefGroup = C458AED729C1471B003D9677 /* Products */;
			projectDirPath = "";
			projectRoot = "";
			targets = (
				C458AED529C1471B003D9677 /* movies */,
				C458AEE529C1471C003D9677 /* moviesTests */,
				C458AEEF29C1471C003D9677 /* moviesUITests */,
			);
		};
/* End PBXProject section */

/* Begin PBXResourcesBuildPhase section */
		C458AED429C1471B003D9677 /* Resources */ = {
			isa = PBXResourcesBuildPhase;
			buildActionMask = 2147483647;
			files = (
				C458AEE129C1471C003D9677 /* Preview Assets.xcassets in Resources */,
				C458AEDE29C1471C003D9677 /* Assets.xcassets in Resources */,
			);
			runOnlyForDeploymentPostprocessing = 0;
		};
		C458AEE429C1471C003D9677 /* Resources */ = {
			isa = PBXResourcesBuildPhase;
			buildActionMask = 2147483647;
			files = (
			);
			runOnlyForDeploymentPostprocessing = 0;
		};
		C458AEEE29C1471C003D9677 /* Resources */ = {
			isa = PBXResourcesBuildPhase;
			buildActionMask = 2147483647;
			files = (
			);
			runOnlyForDeploymentPostprocessing = 0;
		};
/* End PBXResourcesBuildPhase section */

/* Begin PBXSourcesBuildPhase section */
		C458AED229C1471B003D9677 /* Sources */ = {
			isa = PBXSourcesBuildPhase;
			buildActionMask = 2147483647;
			files = (
				C458AEDC29C1471B003D9677 /* ContentView.swift in Sources */,
				C458AEDA29C1471B003D9677 /* moviesApp.swift in Sources */,
			);
			runOnlyForDeploymentPostprocessing = 0;
		};
		C458AEE229C1471C003D9677 /* Sources */ = {
			isa = PBXSourcesBuildPhase;
			buildActionMask = 2147483647;
			files = (
				C458AEEB29C1471C003D9677 /* moviesTests.swift in Sources */,
			);
			runOnlyForDeploymentPostprocessing = 0;
		};
		C458AEEC29C1471C003D9677 /* Sources */ = {
			isa = PBXSourcesBuildPhase;
			buildActionMask = 2147483647;
			files = (
				C458AEF529C1471C003D9677 /* moviesUITests.swift in Sources */,
				C458AEF729C1471C003D9677 /* moviesUITestsLaunchTests.swift in Sources */,
			);
			runOnlyForDeploymentPostprocessing = 0;
		};
/* End PBXSourcesBuildPhase section */

/* Begin PBXTargetDependency section */
		C458AEE829C1471C003D9677 /* PBXTargetDependency */ = {
			isa = PBXTargetDependency;
			target = C458AED529C1471B003D9677 /* movies */;
			targetProxy = C458AEE729C1471C003D9677 /* PBXContainerItemProxy */;
		};
		C458AEF229C1471C003D9677 /* PBXTargetDependency */ = {
			isa = PBXTargetDependency;
			target = C458AED529C1471B003D9677 /* movies */;
			targetProxy = C458AEF129C1471C003D9677 /* PBXContainerItemProxy */;
		};
/* End PBXTargetDependency section */

/* Begin XCBuildConfiguration section */
		C458AEF829C1471C003D9677 /* Debug */ = {
			isa = XCBuildConfiguration;
			buildSettings = {
				ALWAYS_SEARCH_USER_PATHS = NO;
				CLANG_ANALYZER_NONNULL = YES;
				CLANG_ANALYZER_NUMBER_OBJECT_CONVERSION = YES_AGGRESSIVE;
				CLANG_CXX_LANGUAGE_STANDARD = "gnu++20";
				CLANG_ENABLE_MODULES = YES;
				CLANG_ENABLE_OBJC_ARC = YES;
				CLANG_ENABLE_OBJC_WEAK = YES;
				CLANG_WARN_BLOCK_CAPTURE_AUTORELEASING = YES;
				CLANG_WARN_BOOL_CONVERSION = YES;
				CLANG_WARN_COMMA = YES;
				CLANG_WARN_CONSTANT_CONVERSION = YES;
				CLANG_WARN_DEPRECATED_OBJC_IMPLEMENTATIONS = YES;
				CLANG_WARN_DIRECT_OBJC_ISA_USAGE = YES_ERROR;
				CLANG_WARN_DOCUMENTATION_COMMENTS = YES;
				CLANG_WARN_EMPTY_BODY = YES;
				CLANG_WARN_ENUM_CONVERSION = YES;
				CLANG_WARN_INFINITE_RECURSION = YES;
				CLANG_WARN_INT_CONVERSION = YES;
				CLANG_WARN_NON_LITERAL_NULL_CONVERSION = YES;
				CLANG_WARN_OBJC_IMPLICIT_RETAIN_SELF = YES;
				CLANG_WARN_OBJC_LITERAL_CONVERSION = YES;
				CLANG_WARN_OBJC_ROOT_CLASS = YES_ERROR;
				CLANG_WARN_QUOTED_INCLUDE_IN_FRAMEWORK_HEADER = YES;
				CLANG_WARN_RANGE_LOOP_ANALYSIS = YES;
				CLANG_WARN_STRICT_PROTOTYPES = YES;
				CLANG_WARN_SUSPICIOUS_MOVE = YES;
				CLANG_WARN_UNGUARDED_AVAILABILITY = YES_AGGRESSIVE;
				CLANG_WARN_UNREACHABLE_CODE = YES;
				CLANG_WARN__DUPLICATE_METHOD_MATCH = YES;
				COPY_PHASE_STRIP = NO;
				DEBUG_INFORMATION_FORMAT = dwarf;
				ENABLE_STRICT_OBJC_MSGSEND = YES;
				ENABLE_TESTABILITY = YES;
				GCC_C_LANGUAGE_STANDARD = gnu11;
				GCC_DYNAMIC_NO_PIC = NO;
				GCC_NO_COMMON_BLOCKS = YES;
				GCC_OPTIMIZATION_LEVEL = 0;
				GCC_PREPROCESSOR_DEFINITIONS = (
					"DEBUG=1",
					"$(inherited)",
				);
				GCC_WARN_64_TO_32_BIT_CONVERSION = YES;
				GCC_WARN_ABOUT_RETURN_TYPE = YES_ERROR;
				GCC_WARN_UNDECLARED_SELECTOR = YES;
				GCC_WARN_UNINITIALIZED_AUTOS = YES_AGGRESSIVE;
				GCC_WARN_UNUSED_FUNCTION = YES;
				GCC_WARN_UNUSED_VARIABLE = YES;
				IPHONEOS_DEPLOYMENT_TARGET = 16.2;
				MTL_ENABLE_DEBUG_INFO = INCLUDE_SOURCE;
				MTL_FAST_MATH = YES;
				ONLY_ACTIVE_ARCH = YES;
				SDKROOT = iphoneos;
				SWIFT_ACTIVE_COMPILATION_CONDITIONS = DEBUG;
				SWIFT_OPTIMIZATION_LEVEL = "-Onone";
			};
			name = Debug;
		};
		C458AEF929C1471C003D9677 /* Release */ = {
			isa = XCBuildConfiguration;
			buildSettings = {
				ALWAYS_SEARCH_USER_PATHS = NO;
				CLANG_ANALYZER_NONNULL = YES;
				CLANG_ANALYZER_NUMBER_OBJECT_CONVERSION = YES_AGGRESSIVE;
				CLANG_CXX_LANGUAGE_STANDARD = "gnu++20";
				CLANG_ENABLE_MODULES = YES;
				CLANG_ENABLE_OBJC_ARC = YES;
				CLANG_ENABLE_OBJC_WEAK = YES;
				CLANG_WARN_BLOCK_CAPTURE_AUTORELEASING = YES;
				CLANG_WARN_BOOL_CONVERSION = YES;
				CLANG_WARN_COMMA = YES;
				CLANG_WARN_CONSTANT_CONVERSION = YES;
				CLANG_WARN_DEPRECATED_OBJC_IMPLEMENTATIONS = YES;
				CLANG_WARN_DIRECT_OBJC_ISA_USAGE = YES_ERROR;
				CLANG_WARN_DOCUMENTATION_COMMENTS = YES;
				CLANG_WARN_EMPTY_BODY = YES;
				CLANG_WARN_ENUM_CONVERSION = YES;
				CLANG_WARN_INFINITE_RECURSION = YES;
				CLANG_WARN_INT_CONVERSION = YES;
				CLANG_WARN_NON_LITERAL_NULL_CONVERSION = YES;
				CLANG_WARN_OBJC_IMPLICIT_RETAIN_SELF = YES;
				CLANG_WARN_OBJC_LITERAL_CONVERSION = YES;
				CLANG_WARN_OBJC_ROOT_CLASS = YES_ERROR;
				CLANG_WARN_QUOTED_INCLUDE_IN_FRAMEWORK_HEADER = YES;
				CLANG_WARN_RANGE_LOOP_ANALYSIS = YES;
				CLANG_WARN_STRICT_PROTOTYPES = YES;
				CLANG_WARN_SUSPICIOUS_MOVE = YES;
				CLANG_WARN_UNGUARDED_AVAILABILITY = YES_AGGRESSIVE;
				CLANG_WARN_UNREACHABLE_CODE = YES;
				CLANG_WARN__DUPLICATE_METHOD_MATCH = YES;
				COPY_PHASE_STRIP = NO;
				DEBUG_INFORMATION_FORMAT = "dwarf-with-dsym";
				ENABLE_NS_ASSERTIONS = NO;
				ENABLE_STRICT_OBJC_MSGSEND = YES;
				GCC_C_LANGUAGE_STANDARD = gnu11;
				GCC_NO_COMMON_BLOCKS = YES;
				GCC_WARN_64_TO_32_BIT_CONVERSION = YES;
				GCC_WARN_ABOUT_RETURN_TYPE = YES_ERROR;
				GCC_WARN_UNDECLARED_SELECTOR = YES;
				GCC_WARN_UNINITIALIZED_AUTOS = YES_AGGRESSIVE;
				GCC_WARN_UNUSED_FUNCTION = YES;
				GCC_WARN_UNUSED_VARIABLE = YES;
				IPHONEOS_DEPLOYMENT_TARGET = 16.2;
				MTL_ENABLE_DEBUG_INFO = NO;
				MTL_FAST_MATH = YES;
				SDKROOT = iphoneos;
				SWIFT_COMPILATION_MODE = wholemodule;
				SWIFT_OPTIMIZATION_LEVEL = "-O";
				VALIDATE_PRODUCT = YES;
			};
			name = Release;
		};
		C458AEFB29C1471C003D9677 /* Debug */ = {
			isa = XCBuildConfiguration;
			buildSettings = {
				ASSETCATALOG_COMPILER_APPICON_NAME = AppIcon;
				ASSETCATALOG_COMPILER_GLOBAL_ACCENT_COLOR_NAME = AccentColor;
				CODE_SIGN_STYLE = Automatic;
				CURRENT_PROJECT_VERSION = 1;
				DEVELOPMENT_ASSET_PATHS = "\"movies/Preview Content\"";
				ENABLE_PREVIEWS = YES;
				GENERATE_INFOPLIST_FILE = YES;
				INFOPLIST_KEY_UIApplicationSceneManifest_Generation = YES;
				INFOPLIST_KEY_UIApplicationSupportsIndirectInputEvents = YES;
				INFOPLIST_KEY_UILaunchScreen_Generation = YES;
				INFOPLIST_KEY_UISupportedInterfaceOrientations_iPad = "UIInterfaceOrientationPortrait UIInterfaceOrientationPortraitUpsideDown UIInterfaceOrientationLandscapeLeft UIInterfaceOrientationLandscapeRight";
				INFOPLIST_KEY_UISupportedInterfaceOrientations_iPhone = "UIInterfaceOrientationPortrait UIInterfaceOrientationLandscapeLeft UIInterfaceOrientationLandscapeRight";
				LD_RUNPATH_SEARCH_PATHS = (
					"$(inherited)",
					"@executable_path/Frameworks",
				);
				MARKETING_VERSION = 1.0;
				PRODUCT_BUNDLE_IDENTIFIER = miogy.movies;
				PRODUCT_NAME = "$(TARGET_NAME)";
				SWIFT_EMIT_LOC_STRINGS = YES;
				SWIFT_VERSION = 5.0;
				TARGETED_DEVICE_FAMILY = "1,2";
			};
			name = Debug;
		};
		C458AEFC29C1471C003D9677 /* Release */ = {
			isa = XCBuildConfiguration;
			buildSettings = {
				ASSETCATALOG_COMPILER_APPICON_NAME = AppIcon;
				ASSETCATALOG_COMPILER_GLOBAL_ACCENT_COLOR_NAME = AccentColor;
				CODE_SIGN_STYLE = Automatic;
				CURRENT_PROJECT_VERSION = 1;
				DEVELOPMENT_ASSET_PATHS = "\"movies/Preview Content\"";
				ENABLE_PREVIEWS = YES;
				GENERATE_INFOPLIST_FILE = YES;
				INFOPLIST_KEY_UIApplicationSceneManifest_Generation = YES;
				INFOPLIST_KEY_UIApplicationSupportsIndirectInputEvents = YES;
				INFOPLIST_KEY_UILaunchScreen_Generation = YES;
				INFOPLIST_KEY_UISupportedInterfaceOrientations_iPad = "UIInterfaceOrientationPortrait UIInterfaceOrientationPortraitUpsideDown UIInterfaceOrientationLandscapeLeft UIInterfaceOrientationLandscapeRight";
				INFOPLIST_KEY_UISupportedInterfaceOrientations_iPhone = "UIInterfaceOrientationPortrait UIInterfaceOrientationLandscapeLeft UIInterfaceOrientationLandscapeRight";
				LD_RUNPATH_SEARCH_PATHS = (
					"$(inherited)",
					"@executable_path/Frameworks",
				);
				MARKETING_VERSION = 1.0;
				PRODUCT_BUNDLE_IDENTIFIER = miogy.movies;
				PRODUCT_NAME = "$(TARGET_NAME)";
				SWIFT_EMIT_LOC_STRINGS = YES;
				SWIFT_VERSION = 5.0;
				TARGETED_DEVICE_FAMILY = "1,2";
			};
			name = Release;
		};
		C458AEFE29C1471C003D9677 /* Debug */ = {
			isa = XCBuildConfiguration;
			buildSettings = {
				ALWAYS_EMBED_SWIFT_STANDARD_LIBRARIES = YES;
				BUNDLE_LOADER = "$(TEST_HOST)";
				CODE_SIGN_STYLE = Automatic;
				CURRENT_PROJECT_VERSION = 1;
				GENERATE_INFOPLIST_FILE = YES;
				IPHONEOS_DEPLOYMENT_TARGET = 16.2;
				MARKETING_VERSION = 1.0;
				PRODUCT_BUNDLE_IDENTIFIER = miogy.moviesTests;
				PRODUCT_NAME = "$(TARGET_NAME)";
				SWIFT_EMIT_LOC_STRINGS = NO;
				SWIFT_VERSION = 5.0;
				TARGETED_DEVICE_FAMILY = "1,2";
				TEST_HOST = "$(BUILT_PRODUCTS_DIR)/movies.app/$(BUNDLE_EXECUTABLE_FOLDER_PATH)/movies";
			};
			name = Debug;
		};
		C458AEFF29C1471C003D9677 /* Release */ = {
			isa = XCBuildConfiguration;
			buildSettings = {
				ALWAYS_EMBED_SWIFT_STANDARD_LIBRARIES = YES;
				BUNDLE_LOADER = "$(TEST_HOST)";
				CODE_SIGN_STYLE = Automatic;
				CURRENT_PROJECT_VERSION = 1;
				GENERATE_INFOPLIST_FILE = YES;
				IPHONEOS_DEPLOYMENT_TARGET = 16.2;
				MARKETING_VERSION = 1.0;
				PRODUCT_BUNDLE_IDENTIFIER = miogy.moviesTests;
				PRODUCT_NAME = "$(TARGET_NAME)";
				SWIFT_EMIT_LOC_STRINGS = NO;
				SWIFT_VERSION = 5.0;
				TARGETED_DEVICE_FAMILY = "1,2";
				TEST_HOST = "$(BUILT_PRODUCTS_DIR)/movies.app/$(BUNDLE_EXECUTABLE_FOLDER_PATH)/movies";
			};
			name = Release;
		};
		C458AF0129C1471C003D9677 /* Debug */ = {
			isa = XCBuildConfiguration;
			buildSettings = {
				ALWAYS_EMBED_SWIFT_STANDARD_LIBRARIES = YES;
				CODE_SIGN_STYLE = Automatic;
				CURRENT_PROJECT_VERSION = 1;
				GENERATE_INFOPLIST_FILE = YES;
				MARKETING_VERSION = 1.0;
				PRODUCT_BUNDLE_IDENTIFIER = miogy.moviesUITests;
				PRODUCT_NAME = "$(TARGET_NAME)";
				SWIFT_EMIT_LOC_STRINGS = NO;
				SWIFT_VERSION = 5.0;
				TARGETED_DEVICE_FAMILY = "1,2";
				TEST_TARGET_NAME = movies;
			};
			name = Debug;
		};
		C458AF0229C1471C003D9677 /* Release */ = {
			isa = XCBuildConfiguration;
			buildSettings = {
				ALWAYS_EMBED_SWIFT_STANDARD_LIBRARIES = YES;
				CODE_SIGN_STYLE = Automatic;
				CURRENT_PROJECT_VERSION = 1;
				GENERATE_INFOPLIST_FILE = YES;
				MARKETING_VERSION = 1.0;
				PRODUCT_BUNDLE_IDENTIFIER = miogy.moviesUITests;
				PRODUCT_NAME = "$(TARGET_NAME)";
				SWIFT_EMIT_LOC_STRINGS = NO;
				SWIFT_VERSION = 5.0;
				TARGETED_DEVICE_FAMILY = "1,2";
				TEST_TARGET_NAME = movies;
			};
			name = Release;
		};
/* End XCBuildConfiguration section */

/* Begin XCConfigurationList section */
		C458AED129C1471B003D9677 /* Build configuration list for PBXProject "movies" */ = {
			isa = XCConfigurationList;
			buildConfigurations = (
				C458AEF829C1471C003D9677 /* Debug */,
				C458AEF929C1471C003D9677 /* Release */,
			);
			defaultConfigurationIsVisible = 0;
			defaultConfigurationName = Release;
		};
		C458AEFA29C1471C003D9677 /* Build configuration list for PBXNativeTarget "movies" */ = {
			isa = XCConfigurationList;
			buildConfigurations = (
				C458AEFB29C1471C003D9677 /* Debug */,
				C458AEFC29C1471C003D9677 /* Release */,
			);
			defaultConfigurationIsVisible = 0;
			defaultConfigurationName = Release;
		};
		C458AEFD29C1471C003D9677 /* Build configuration list for PBXNativeTarget "moviesTests" */ = {
			isa = XCConfigurationList;
			buildConfigurations = (
				C458AEFE29C1471C003D9677 /* Debug */,
				C458AEFF29C1471C003D9677 /* Release */,
			);
			defaultConfigurationIsVisible = 0;
			defaultConfigurationName = Release;
		};
		C458AF0029C1471C003D9677 /* Build configuration list for PBXNativeTarget "moviesUITests" */ = {
			isa = XCConfigurationList;
			buildConfigurations = (
				C458AF0129C1471C003D9677 /* Debug */,
				C458AF0229C1471C003D9677 /* Release */,
			);
			defaultConfigurationIsVisible = 0;
			defaultConfigurationName = Release;
		};
/* End XCConfigurationList section */
	};
	rootObject = C458AECE29C1471B003D9677 /* Project object */;
}
